// !$*UTF8*$!
{
	archiveVersion = 1;
	classes = {
	};
	objectVersion = 55;
	objects = {

/* Begin PBXBuildFile section */
		3CB104B227F8723400121935 /* AppDelegate.swift in Sources */ = {isa = PBXBuildFile; fileRef = 3CB104B127F8723400121935 /* AppDelegate.swift */; };
		3CB104B427F8723400121935 /* SceneDelegate.swift in Sources */ = {isa = PBXBuildFile; fileRef = 3CB104B327F8723400121935 /* SceneDelegate.swift */; };
		3CB104B627F8723400121935 /* ViewController.swift in Sources */ = {isa = PBXBuildFile; fileRef = 3CB104B527F8723400121935 /* ViewController.swift */; };
		3CB104B927F8723400121935 /* Main.storyboard in Resources */ = {isa = PBXBuildFile; fileRef = 3CB104B727F8723400121935 /* Main.storyboard */; };
		3CB104BB27F8723500121935 /* Assets.xcassets in Resources */ = {isa = PBXBuildFile; fileRef = 3CB104BA27F8723500121935 /* Assets.xcassets */; };
		3CB104BE27F8723500121935 /* LaunchScreen.storyboard in Resources */ = {isa = PBXBuildFile; fileRef = 3CB104BC27F8723500121935 /* LaunchScreen.storyboard */; };
		3CB104C927F8723500121935 /* JSON_ParserTests.swift in Sources */ = {isa = PBXBuildFile; fileRef = 3CB104C827F8723500121935 /* JSON_ParserTests.swift */; };
		3CB104D327F8723500121935 /* JSON_ParserUITests.swift in Sources */ = {isa = PBXBuildFile; fileRef = 3CB104D227F8723500121935 /* JSON_ParserUITests.swift */; };
		3CB104D527F8723500121935 /* JSON_ParserUITestsLaunchTests.swift in Sources */ = {isa = PBXBuildFile; fileRef = 3CB104D427F8723500121935 /* JSON_ParserUITestsLaunchTests.swift */; };
/* End PBXBuildFile section */

/* Begin PBXContainerItemProxy section */
		3CB104C527F8723500121935 /* PBXContainerItemProxy */ = {
			isa = PBXContainerItemProxy;
			containerPortal = 3CB104A627F8723400121935 /* Project object */;
			proxyType = 1;
			remoteGlobalIDString = 3CB104AD27F8723400121935;
			remoteInfo = "JSON Parser";
		};
		3CB104CF27F8723500121935 /* PBXContainerItemProxy */ = {
			isa = PBXContainerItemProxy;
			containerPortal = 3CB104A627F8723400121935 /* Project object */;
			proxyType = 1;
			remoteGlobalIDString = 3CB104AD27F8723400121935;
			remoteInfo = "JSON Parser";
		};
/* End PBXContainerItemProxy section */

/* Begin PBXFileReference section */
		3CB104AE27F8723400121935 /* JSON Parser.app */ = {isa = PBXFileReference; explicitFileType = wrapper.application; includeInIndex = 0; path = "JSON Parser.app"; sourceTree = BUILT_PRODUCTS_DIR; };
		3CB104B127F8723400121935 /* AppDelegate.swift */ = {isa = PBXFileReference; lastKnownFileType = sourcecode.swift; path = AppDelegate.swift; sourceTree = "<group>"; };
		3CB104B327F8723400121935 /* SceneDelegate.swift */ = {isa = PBXFileReference; lastKnownFileType = sourcecode.swift; path = SceneDelegate.swift; sourceTree = "<group>"; };
		3CB104B527F8723400121935 /* ViewController.swift */ = {isa = PBXFileReference; lastKnownFileType = sourcecode.swift; path = ViewController.swift; sourceTree = "<group>"; };
		3CB104B827F8723400121935 /* Base */ = {isa = PBXFileReference; lastKnownFileType = file.storyboard; name = Base; path = Base.lproj/Main.storyboard; sourceTree = "<group>"; };
		3CB104BA27F8723500121935 /* Assets.xcassets */ = {isa = PBXFileReference; lastKnownFileType = folder.assetcatalog; path = Assets.xcassets; sourceTree = "<group>"; };
		3CB104BD27F8723500121935 /* Base */ = {isa = PBXFileReference; lastKnownFileType = file.storyboard; name = Base; path = Base.lproj/LaunchScreen.storyboard; sourceTree = "<group>"; };
		3CB104BF27F8723500121935 /* Info.plist */ = {isa = PBXFileReference; lastKnownFileType = text.plist.xml; path = Info.plist; sourceTree = "<group>"; };
		3CB104C427F8723500121935 /* JSON ParserTests.xctest */ = {isa = PBXFileReference; explicitFileType = wrapper.cfbundle; includeInIndex = 0; path = "JSON ParserTests.xctest"; sourceTree = BUILT_PRODUCTS_DIR; };
		3CB104C827F8723500121935 /* JSON_ParserTests.swift */ = {isa = PBXFileReference; lastKnownFileType = sourcecode.swift; path = JSON_ParserTests.swift; sourceTree = "<group>"; };
		3CB104CE27F8723500121935 /* JSON ParserUITests.xctest */ = {isa = PBXFileReference; explicitFileType = wrapper.cfbundle; includeInIndex = 0; path = "JSON ParserUITests.xctest"; sourceTree = BUILT_PRODUCTS_DIR; };
		3CB104D227F8723500121935 /* JSON_ParserUITests.swift */ = {isa = PBXFileReference; lastKnownFileType = sourcecode.swift; path = JSON_ParserUITests.swift; sourceTree = "<group>"; };
		3CB104D427F8723500121935 /* JSON_ParserUITestsLaunchTests.swift */ = {isa = PBXFileReference; lastKnownFileType = sourcecode.swift; path = JSON_ParserUITestsLaunchTests.swift; sourceTree = "<group>"; };
/* End PBXFileReference section */

/* Begin PBXFrameworksBuildPhase section */
		3CB104AB27F8723400121935 /* Frameworks */ = {
			isa = PBXFrameworksBuildPhase;
			buildActionMask = 2147483647;
			files = (
			);
			runOnlyForDeploymentPostprocessing = 0;
		};
		3CB104C127F8723500121935 /* Frameworks */ = {
			isa = PBXFrameworksBuildPhase;
			buildActionMask = 2147483647;
			files = (
			);
			runOnlyForDeploymentPostprocessing = 0;
		};
		3CB104CB27F8723500121935 /* Frameworks */ = {
			isa = PBXFrameworksBuildPhase;
			buildActionMask = 2147483647;
			files = (
			);
			runOnlyForDeploymentPostprocessing = 0;
		};
/* End PBXFrameworksBuildPhase section */

/* Begin PBXGroup section */
		3CB104A527F8723400121935 = {
			isa = PBXGroup;
			children = (
				3CB104B027F8723400121935 /* JSON Parser */,
				3CB104C727F8723500121935 /* JSON ParserTests */,
				3CB104D127F8723500121935 /* JSON ParserUITests */,
				3CB104AF27F8723400121935 /* Products */,
			);
			sourceTree = "<group>";
		};
		3CB104AF27F8723400121935 /* Products */ = {
			isa = PBXGroup;
			children = (
				3CB104AE27F8723400121935 /* JSON Parser.app */,
				3CB104C427F8723500121935 /* JSON ParserTests.xctest */,
				3CB104CE27F8723500121935 /* JSON ParserUITests.xctest */,
			);
			name = Products;
			sourceTree = "<group>";
		};
		3CB104B027F8723400121935 /* JSON Parser */ = {
			isa = PBXGroup;
			children = (
				3CB104B127F8723400121935 /* AppDelegate.swift */,
				3CB104B327F8723400121935 /* SceneDelegate.swift */,
				3CB104B527F8723400121935 /* ViewController.swift */,
				3CB104B727F8723400121935 /* Main.storyboard */,
				3CB104BA27F8723500121935 /* Assets.xcassets */,
				3CB104BC27F8723500121935 /* LaunchScreen.storyboard */,
				3CB104BF27F8723500121935 /* Info.plist */,
			);
			path = "JSON Parser";
			sourceTree = "<group>";
		};
		3CB104C727F8723500121935 /* JSON ParserTests */ = {
			isa = PBXGroup;
			children = (
				3CB104C827F8723500121935 /* JSON_ParserTests.swift */,
			);
			path = "JSON ParserTests";
			sourceTree = "<group>";
		};
		3CB104D127F8723500121935 /* JSON ParserUITests */ = {
			isa = PBXGroup;
			children = (
				3CB104D227F8723500121935 /* JSON_ParserUITests.swift */,
				3CB104D427F8723500121935 /* JSON_ParserUITestsLaunchTests.swift */,
			);
			path = "JSON ParserUITests";
			sourceTree = "<group>";
		};
/* End PBXGroup section */

/* Begin PBXNativeTarget section */
		3CB104AD27F8723400121935 /* JSON Parser */ = {
			isa = PBXNativeTarget;
			buildConfigurationList = 3CB104D827F8723500121935 /* Build configuration list for PBXNativeTarget "JSON Parser" */;
			buildPhases = (
				3CB104AA27F8723400121935 /* Sources */,
				3CB104AB27F8723400121935 /* Frameworks */,
				3CB104AC27F8723400121935 /* Resources */,
			);
			buildRules = (
			);
			dependencies = (
			);
			name = "JSON Parser";
			productName = "JSON Parser";
			productReference = 3CB104AE27F8723400121935 /* JSON Parser.app */;
			productType = "com.apple.product-type.application";
		};
		3CB104C327F8723500121935 /* JSON ParserTests */ = {
			isa = PBXNativeTarget;
			buildConfigurationList = 3CB104DB27F8723500121935 /* Build configuration list for PBXNativeTarget "JSON ParserTests" */;
			buildPhases = (
				3CB104C027F8723500121935 /* Sources */,
				3CB104C127F8723500121935 /* Frameworks */,
				3CB104C227F8723500121935 /* Resources */,
			);
			buildRules = (
			);
			dependencies = (
				3CB104C627F8723500121935 /* PBXTargetDependency */,
			);
			name = "JSON ParserTests";
			productName = "JSON ParserTests";
			productReference = 3CB104C427F8723500121935 /* JSON ParserTests.xctest */;
			productType = "com.apple.product-type.bundle.unit-test";
		};
		3CB104CD27F8723500121935 /* JSON ParserUITests */ = {
			isa = PBXNativeTarget;
			buildConfigurationList = 3CB104DE27F8723500121935 /* Build configuration list for PBXNativeTarget "JSON ParserUITests" */;
			buildPhases = (
				3CB104CA27F8723500121935 /* Sources */,
				3CB104CB27F8723500121935 /* Frameworks */,
				3CB104CC27F8723500121935 /* Resources */,
			);
			buildRules = (
			);
			dependencies = (
				3CB104D027F8723500121935 /* PBXTargetDependency */,
			);
			name = "JSON ParserUITests";
			productName = "JSON ParserUITests";
			productReference = 3CB104CE27F8723500121935 /* JSON ParserUITests.xctest */;
			productType = "com.apple.product-type.bundle.ui-testing";
		};
/* End PBXNativeTarget section */

/* Begin PBXProject section */
		3CB104A627F8723400121935 /* Project object */ = {
			isa = PBXProject;
			attributes = {
				BuildIndependentTargetsInParallel = 1;
				LastSwiftUpdateCheck = 1320;
				LastUpgradeCheck = 1320;
				TargetAttributes = {
					3CB104AD27F8723400121935 = {
						CreatedOnToolsVersion = 13.2.1;
					};
					3CB104C327F8723500121935 = {
						CreatedOnToolsVersion = 13.2.1;
						TestTargetID = 3CB104AD27F8723400121935;
					};
					3CB104CD27F8723500121935 = {
						CreatedOnToolsVersion = 13.2.1;
						TestTargetID = 3CB104AD27F8723400121935;
					};
				};
			};
			buildConfigurationList = 3CB104A927F8723400121935 /* Build configuration list for PBXProject "JSON Parser" */;
			compatibilityVersion = "Xcode 13.0";
			developmentRegion = en;
			hasScannedForEncodings = 0;
			knownRegions = (
				en,
				Base,
			);
			mainGroup = 3CB104A527F8723400121935;
			productRefGroup = 3CB104AF27F8723400121935 /* Products */;
			projectDirPath = "";
			projectRoot = "";
			targets = (
				3CB104AD27F8723400121935 /* JSON Parser */,
				3CB104C327F8723500121935 /* JSON ParserTests */,
				3CB104CD27F8723500121935 /* JSON ParserUITests */,
			);
		};
/* End PBXProject section */

/* Begin PBXResourcesBuildPhase section */
		3CB104AC27F8723400121935 /* Resources */ = {
			isa = PBXResourcesBuildPhase;
			buildActionMask = 2147483647;
			files = (
				3CB104BE27F8723500121935 /* LaunchScreen.storyboard in Resources */,
				3CB104BB27F8723500121935 /* Assets.xcassets in Resources */,
				3CB104B927F8723400121935 /* Main.storyboard in Resources */,
			);
			runOnlyForDeploymentPostprocessing = 0;
		};
		3CB104C227F8723500121935 /* Resources */ = {
			isa = PBXResourcesBuildPhase;
			buildActionMask = 2147483647;
			files = (
			);
			runOnlyForDeploymentPostprocessing = 0;
		};
		3CB104CC27F8723500121935 /* Resources */ = {
			isa = PBXResourcesBuildPhase;
			buildActionMask = 2147483647;
			files = (
			);
			runOnlyForDeploymentPostprocessing = 0;
		};
/* End PBXResourcesBuildPhase section */

/* Begin PBXSourcesBuildPhase section */
		3CB104AA27F8723400121935 /* Sources */ = {
			isa = PBXSourcesBuildPhase;
			buildActionMask = 2147483647;
			files = (
				3CB104B627F8723400121935 /* ViewController.swift in Sources */,
				3CB104B227F8723400121935 /* AppDelegate.swift in Sources */,
				3CB104B427F8723400121935 /* SceneDelegate.swift in Sources */,
			);
			runOnlyForDeploymentPostprocessing = 0;
		};
		3CB104C027F8723500121935 /* Sources */ = {
			isa = PBXSourcesBuildPhase;
			buildActionMask = 2147483647;
			files = (
				3CB104C927F8723500121935 /* JSON_ParserTests.swift in Sources */,
			);
			runOnlyForDeploymentPostprocessing = 0;
		};
		3CB104CA27F8723500121935 /* Sources */ = {
			isa = PBXSourcesBuildPhase;
			buildActionMask = 2147483647;
			files = (
				3CB104D327F8723500121935 /* JSON_ParserUITests.swift in Sources */,
				3CB104D527F8723500121935 /* JSON_ParserUITestsLaunchTests.swift in Sources */,
			);
			runOnlyForDeploymentPostprocessing = 0;
		};
/* End PBXSourcesBuildPhase section */

/* Begin PBXTargetDependency section */
		3CB104C627F8723500121935 /* PBXTargetDependency */ = {
			isa = PBXTargetDependency;
			target = 3CB104AD27F8723400121935 /* JSON Parser */;
			targetProxy = 3CB104C527F8723500121935 /* PBXContainerItemProxy */;
		};
		3CB104D027F8723500121935 /* PBXTargetDependency */ = {
			isa = PBXTargetDependency;
			target = 3CB104AD27F8723400121935 /* JSON Parser */;
			targetProxy = 3CB104CF27F8723500121935 /* PBXContainerItemProxy */;
		};
/* End PBXTargetDependency section */

/* Begin PBXVariantGroup section */
		3CB104B727F8723400121935 /* Main.storyboard */ = {
			isa = PBXVariantGroup;
			children = (
				3CB104B827F8723400121935 /* Base */,
			);
			name = Main.storyboard;
			sourceTree = "<group>";
		};
		3CB104BC27F8723500121935 /* LaunchScreen.storyboard */ = {
			isa = PBXVariantGroup;
			children = (
				3CB104BD27F8723500121935 /* Base */,
			);
			name = LaunchScreen.storyboard;
			sourceTree = "<group>";
		};
/* End PBXVariantGroup section */

/* Begin XCBuildConfiguration section */
		3CB104D627F8723500121935 /* Debug */ = {
			isa = XCBuildConfiguration;
			buildSettings = {
				ALWAYS_SEARCH_USER_PATHS = NO;
				CLANG_ANALYZER_NONNULL = YES;
				CLANG_ANALYZER_NUMBER_OBJECT_CONVERSION = YES_AGGRESSIVE;
				CLANG_CXX_LANGUAGE_STANDARD = "gnu++17";
				CLANG_CXX_LIBRARY = "libc++";
				CLANG_ENABLE_MODULES = YES;
				CLANG_ENABLE_OBJC_ARC = YES;
				CLANG_ENABLE_OBJC_WEAK = YES;
				CLANG_WARN_BLOCK_CAPTURE_AUTORELEASING = YES;
				CLANG_WARN_BOOL_CONVERSION = YES;
				CLANG_WARN_COMMA = YES;
				CLANG_WARN_CONSTANT_CONVERSION = YES;
				CLANG_WARN_DEPRECATED_OBJC_IMPLEMENTATIONS = YES;
				CLANG_WARN_DIRECT_OBJC_ISA_USAGE = YES_ERROR;
				CLANG_WARN_DOCUMENTATION_COMMENTS = YES;
				CLANG_WARN_EMPTY_BODY = YES;
				CLANG_WARN_ENUM_CONVERSION = YES;
				CLANG_WARN_INFINITE_RECURSION = YES;
				CLANG_WARN_INT_CONVERSION = YES;
				CLANG_WARN_NON_LITERAL_NULL_CONVERSION = YES;
				CLANG_WARN_OBJC_IMPLICIT_RETAIN_SELF = YES;
				CLANG_WARN_OBJC_LITERAL_CONVERSION = YES;
				CLANG_WARN_OBJC_ROOT_CLASS = YES_ERROR;
				CLANG_WARN_QUOTED_INCLUDE_IN_FRAMEWORK_HEADER = YES;
				CLANG_WARN_RANGE_LOOP_ANALYSIS = YES;
				CLANG_WARN_STRICT_PROTOTYPES = YES;
				CLANG_WARN_SUSPICIOUS_MOVE = YES;
				CLANG_WARN_UNGUARDED_AVAILABILITY = YES_AGGRESSIVE;
				CLANG_WARN_UNREACHABLE_CODE = YES;
				CLANG_WARN__DUPLICATE_METHOD_MATCH = YES;
				COPY_PHASE_STRIP = NO;
				DEBUG_INFORMATION_FORMAT = dwarf;
				ENABLE_STRICT_OBJC_MSGSEND = YES;
				ENABLE_TESTABILITY = YES;
				GCC_C_LANGUAGE_STANDARD = gnu11;
				GCC_DYNAMIC_NO_PIC = NO;
				GCC_NO_COMMON_BLOCKS = YES;
				GCC_OPTIMIZATION_LEVEL = 0;
				GCC_PREPROCESSOR_DEFINITIONS = (
					"DEBUG=1",
					"$(inherited)",
				);
				GCC_WARN_64_TO_32_BIT_CONVERSION = YES;
				GCC_WARN_ABOUT_RETURN_TYPE = YES_ERROR;
				GCC_WARN_UNDECLARED_SELECTOR = YES;
				GCC_WARN_UNINITIALIZED_AUTOS = YES_AGGRESSIVE;
				GCC_WARN_UNUSED_FUNCTION = YES;
				GCC_WARN_UNUSED_VARIABLE = YES;
				IPHONEOS_DEPLOYMENT_TARGET = 15.2;
				MTL_ENABLE_DEBUG_INFO = INCLUDE_SOURCE;
				MTL_FAST_MATH = YES;
				ONLY_ACTIVE_ARCH = YES;
				SDKROOT = iphoneos;
				SWIFT_ACTIVE_COMPILATION_CONDITIONS = DEBUG;
				SWIFT_OPTIMIZATION_LEVEL = "-Onone";
			};
			name = Debug;
		};
		3CB104D727F8723500121935 /* Release */ = {
			isa = XCBuildConfiguration;
			buildSettings = {
				ALWAYS_SEARCH_USER_PATHS = NO;
				CLANG_ANALYZER_NONNULL = YES;
				CLANG_ANALYZER_NUMBER_OBJECT_CONVERSION = YES_AGGRESSIVE;
				CLANG_CXX_LANGUAGE_STANDARD = "gnu++17";
				CLANG_CXX_LIBRARY = "libc++";
				CLANG_ENABLE_MODULES = YES;
				CLANG_ENABLE_OBJC_ARC = YES;
				CLANG_ENABLE_OBJC_WEAK = YES;
				CLANG_WARN_BLOCK_CAPTURE_AUTORELEASING = YES;
				CLANG_WARN_BOOL_CONVERSION = YES;
				CLANG_WARN_COMMA = YES;
				CLANG_WARN_CONSTANT_CONVERSION = YES;
				CLANG_WARN_DEPRECATED_OBJC_IMPLEMENTATIONS = YES;
				CLANG_WARN_DIRECT_OBJC_ISA_USAGE = YES_ERROR;
				CLANG_WARN_DOCUMENTATION_COMMENTS = YES;
				CLANG_WARN_EMPTY_BODY = YES;
				CLANG_WARN_ENUM_CONVERSION = YES;
				CLANG_WARN_INFINITE_RECURSION = YES;
				CLANG_WARN_INT_CONVERSION = YES;
				CLANG_WARN_NON_LITERAL_NULL_CONVERSION = YES;
				CLANG_WARN_OBJC_IMPLICIT_RETAIN_SELF = YES;
				CLANG_WARN_OBJC_LITERAL_CONVERSION = YES;
				CLANG_WARN_OBJC_ROOT_CLASS = YES_ERROR;
				CLANG_WARN_QUOTED_INCLUDE_IN_FRAMEWORK_HEADER = YES;
				CLANG_WARN_RANGE_LOOP_ANALYSIS = YES;
				CLANG_WARN_STRICT_PROTOTYPES = YES;
				CLANG_WARN_SUSPICIOUS_MOVE = YES;
				CLANG_WARN_UNGUARDED_AVAILABILITY = YES_AGGRESSIVE;
				CLANG_WARN_UNREACHABLE_CODE = YES;
				CLANG_WARN__DUPLICATE_METHOD_MATCH = YES;
				COPY_PHASE_STRIP = NO;
				DEBUG_INFORMATION_FORMAT = "dwarf-with-dsym";
				ENABLE_NS_ASSERTIONS = NO;
				ENABLE_STRICT_OBJC_MSGSEND = YES;
				GCC_C_LANGUAGE_STANDARD = gnu11;
				GCC_NO_COMMON_BLOCKS = YES;
				GCC_WARN_64_TO_32_BIT_CONVERSION = YES;
				GCC_WARN_ABOUT_RETURN_TYPE = YES_ERROR;
				GCC_WARN_UNDECLARED_SELECTOR = YES;
				GCC_WARN_UNINITIALIZED_AUTOS = YES_AGGRESSIVE;
				GCC_WARN_UNUSED_FUNCTION = YES;
				GCC_WARN_UNUSED_VARIABLE = YES;
				IPHONEOS_DEPLOYMENT_TARGET = 15.2;
				MTL_ENABLE_DEBUG_INFO = NO;
				MTL_FAST_MATH = YES;
				SDKROOT = iphoneos;
				SWIFT_COMPILATION_MODE = wholemodule;
				SWIFT_OPTIMIZATION_LEVEL = "-O";
				VALIDATE_PRODUCT = YES;
			};
			name = Release;
		};
		3CB104D927F8723500121935 /* Debug */ = {
			isa = XCBuildConfiguration;
			buildSettings = {
				ASSETCATALOG_COMPILER_APPICON_NAME = AppIcon;
				ASSETCATALOG_COMPILER_GLOBAL_ACCENT_COLOR_NAME = AccentColor;
				CODE_SIGN_STYLE = Automatic;
				CURRENT_PROJECT_VERSION = 1;
				GENERATE_INFOPLIST_FILE = YES;
				INFOPLIST_FILE = "JSON Parser/Info.plist";
				INFOPLIST_KEY_UIApplicationSupportsIndirectInputEvents = YES;
				INFOPLIST_KEY_UILaunchStoryboardName = LaunchScreen;
				INFOPLIST_KEY_UIMainStoryboardFile = Main;
				INFOPLIST_KEY_UISupportedInterfaceOrientations_iPad = "UIInterfaceOrientationPortrait UIInterfaceOrientationPortraitUpsideDown UIInterfaceOrientationLandscapeLeft UIInterfaceOrientationLandscapeRight";
				INFOPLIST_KEY_UISupportedInterfaceOrientations_iPhone = "UIInterfaceOrientationPortrait UIInterfaceOrientationLandscapeLeft UIInterfaceOrientationLandscapeRight";
				LD_RUNPATH_SEARCH_PATHS = (
					"$(inherited)",
					"@executable_path/Frameworks",
				);
				MARKETING_VERSION = 1.0;
				PRODUCT_BUNDLE_IDENTIFIER = "com.vaibhav.JSON-Parser";
				PRODUCT_NAME = "$(TARGET_NAME)";
				SWIFT_EMIT_LOC_STRINGS = YES;
				SWIFT_VERSION = 5.0;
				TARGETED_DEVICE_FAMILY = "1,2";
			};
			name = Debug;
		};
		3CB104DA27F8723500121935 /* Release */ = {
			isa = XCBuildConfiguration;
			buildSettings = {
				ASSETCATALOG_COMPILER_APPICON_NAME = AppIcon;
				ASSETCATALOG_COMPILER_GLOBAL_ACCENT_COLOR_NAME = AccentColor;
				CODE_SIGN_STYLE = Automatic;
				CURRENT_PROJECT_VERSION = 1;
				GENERATE_INFOPLIST_FILE = YES;
				INFOPLIST_FILE = "JSON Parser/Info.plist";
				INFOPLIST_KEY_UIApplicationSupportsIndirectInputEvents = YES;
				INFOPLIST_KEY_UILaunchStoryboardName = LaunchScreen;
				INFOPLIST_KEY_UIMainStoryboardFile = Main;
				INFOPLIST_KEY_UISupportedInterfaceOrientations_iPad = "UIInterfaceOrientationPortrait UIInterfaceOrientationPortraitUpsideDown UIInterfaceOrientationLandscapeLeft UIInterfaceOrientationLandscapeRight";
				INFOPLIST_KEY_UISupportedInterfaceOrientations_iPhone = "UIInterfaceOrientationPortrait UIInterfaceOrientationLandscapeLeft UIInterfaceOrientationLandscapeRight";
				LD_RUNPATH_SEARCH_PATHS = (
					"$(inherited)",
					"@executable_path/Frameworks",
				);
				MARKETING_VERSION = 1.0;
				PRODUCT_BUNDLE_IDENTIFIER = "com.vaibhav.JSON-Parser";
				PRODUCT_NAME = "$(TARGET_NAME)";
				SWIFT_EMIT_LOC_STRINGS = YES;
				SWIFT_VERSION = 5.0;
				TARGETED_DEVICE_FAMILY = "1,2";
			};
			name = Release;
		};
		3CB104DC27F8723500121935 /* Debug */ = {
			isa = XCBuildConfiguration;
			buildSettings = {
				ALWAYS_EMBED_SWIFT_STANDARD_LIBRARIES = YES;
				BUNDLE_LOADER = "$(TEST_HOST)";
				CODE_SIGN_STYLE = Automatic;
				CURRENT_PROJECT_VERSION = 1;
				GENERATE_INFOPLIST_FILE = YES;
				IPHONEOS_DEPLOYMENT_TARGET = 15.2;
				MARKETING_VERSION = 1.0;
				PRODUCT_BUNDLE_IDENTIFIER = "com.vaibhav.JSON-ParserTests";
				PRODUCT_NAME = "$(TARGET_NAME)";
				SWIFT_EMIT_LOC_STRINGS = NO;
				SWIFT_VERSION = 5.0;
				TARGETED_DEVICE_FAMILY = "1,2";
				TEST_HOST = "$(BUILT_PRODUCTS_DIR)/JSON Parser.app/JSON Parser";
			};
			name = Debug;
		};
		3CB104DD27F8723500121935 /* Release */ = {
			isa = XCBuildConfiguration;
			buildSettings = {
				ALWAYS_EMBED_SWIFT_STANDARD_LIBRARIES = YES;
				BUNDLE_LOADER = "$(TEST_HOST)";
				CODE_SIGN_STYLE = Automatic;
				CURRENT_PROJECT_VERSION = 1;
				GENERATE_INFOPLIST_FILE = YES;
				IPHONEOS_DEPLOYMENT_TARGET = 15.2;
				MARKETING_VERSION = 1.0;
				PRODUCT_BUNDLE_IDENTIFIER = "com.vaibhav.JSON-ParserTests";
				PRODUCT_NAME = "$(TARGET_NAME)";
				SWIFT_EMIT_LOC_STRINGS = NO;
				SWIFT_VERSION = 5.0;
				TARGETED_DEVICE_FAMILY = "1,2";
				TEST_HOST = "$(BUILT_PRODUCTS_DIR)/JSON Parser.app/JSON Parser";
			};
			name = Release;
		};
		3CB104DF27F8723500121935 /* Debug */ = {
			isa = XCBuildConfiguration;
			buildSettings = {
				ALWAYS_EMBED_SWIFT_STANDARD_LIBRARIES = YES;
				CODE_SIGN_STYLE = Automatic;
				CURRENT_PROJECT_VERSION = 1;
				GENERATE_INFOPLIST_FILE = YES;
				MARKETING_VERSION = 1.0;
				PRODUCT_BUNDLE_IDENTIFIER = "com.vaibhav.JSON-ParserUITests";
				PRODUCT_NAME = "$(TARGET_NAME)";
				SWIFT_EMIT_LOC_STRINGS = NO;
				SWIFT_VERSION = 5.0;
				TARGETED_DEVICE_FAMILY = "1,2";
				TEST_TARGET_NAME = "JSON Parser";
			};
			name = Debug;
		};
		3CB104E027F8723500121935 /* Release */ = {
			isa = XCBuildConfiguration;
			buildSettings = {
				ALWAYS_EMBED_SWIFT_STANDARD_LIBRARIES = YES;
				CODE_SIGN_STYLE = Automatic;
				CURRENT_PROJECT_VERSION = 1;
				GENERATE_INFOPLIST_FILE = YES;
				MARKETING_VERSION = 1.0;
				PRODUCT_BUNDLE_IDENTIFIER = "com.vaibhav.JSON-ParserUITests";
				PRODUCT_NAME = "$(TARGET_NAME)";
				SWIFT_EMIT_LOC_STRINGS = NO;
				SWIFT_VERSION = 5.0;
				TARGETED_DEVICE_FAMILY = "1,2";
				TEST_TARGET_NAME = "JSON Parser";
			};
			name = Release;
		};
/* End XCBuildConfiguration section */

/* Begin XCConfigurationList section */
		3CB104A927F8723400121935 /* Build configuration list for PBXProject "JSON Parser" */ = {
			isa = XCConfigurationList;
			buildConfigurations = (
				3CB104D627F8723500121935 /* Debug */,
				3CB104D727F8723500121935 /* Release */,
			);
			defaultConfigurationIsVisible = 0;
			defaultConfigurationName = Release;
		};
		3CB104D827F8723500121935 /* Build configuration list for PBXNativeTarget "JSON Parser" */ = {
			isa = XCConfigurationList;
			buildConfigurations = (
				3CB104D927F8723500121935 /* Debug */,
				3CB104DA27F8723500121935 /* Release */,
			);
			defaultConfigurationIsVisible = 0;
			defaultConfigurationName = Release;
		};
		3CB104DB27F8723500121935 /* Build configuration list for PBXNativeTarget "JSON ParserTests" */ = {
			isa = XCConfigurationList;
			buildConfigurations = (
				3CB104DC27F8723500121935 /* Debug */,
				3CB104DD27F8723500121935 /* Release */,
			);
			defaultConfigurationIsVisible = 0;
			defaultConfigurationName = Release;
		};
		3CB104DE27F8723500121935 /* Build configuration list for PBXNativeTarget "JSON ParserUITests" */ = {
			isa = XCConfigurationList;
			buildConfigurations = (
				3CB104DF27F8723500121935 /* Debug */,
				3CB104E027F8723500121935 /* Release */,
			);
			defaultConfigurationIsVisible = 0;
			defaultConfigurationName = Release;
		};
/* End XCConfigurationList section */
	};
	rootObject = 3CB104A627F8723400121935 /* Project object */;
}
